
Microsoft Visual Studio Solution File, Format Version 12.00
# Visual Studio Version 17
VisualStudioVersion = 17.12.35707.178 d17.12
MinimumVisualStudioVersion = 10.0.40219.1
Project("{FAE04EC0-301F-11D3-BF4B-00C04F79EFBC}") = "GestionDeTareas.API", "GestionDeTareas.API\GestionDeTareas.API.csproj", "{FEEA0681-13EB-466F-AF41-7DEFFA89F453}"
EndProject
Project("{FAE04EC0-301F-11D3-BF4B-00C04F79EFBC}") = "GestionDeTareas.FrontEnd", "GestionDeTareas.FrontEnd\GestionDeTareas.FrontEnd.csproj", "{01C27BFC-3E65-4F56-9331-A8B5F773A291}"
EndProject
Global
	GlobalSection(SolutionConfigurationPlatforms) = preSolution
		Debug|Any CPU = Debug|Any CPU
		Release|Any CPU = Release|Any CPU
	EndGlobalSection
	GlobalSection(ProjectConfigurationPlatforms) = postSolution
		{FEEA0681-13EB-466F-AF41-7DEFFA89F453}.Debug|Any CPU.ActiveCfg = Debug|Any CPU
		{FEEA0681-13EB-466F-AF41-7DEFFA89F453}.Debug|Any CPU.Build.0 = Debug|Any CPU
		{FEEA0681-13EB-466F-AF41-7DEFFA89F453}.Release|Any CPU.ActiveCfg = Release|Any CPU
		{FEEA0681-13EB-466F-AF41-7DEFFA89F453}.Release|Any CPU.Build.0 = Release|Any CPU
		{01C27BFC-3E65-4F56-9331-A8B5F773A291}.Debug|Any CPU.ActiveCfg = Debug|Any CPU
		{01C27BFC-3E65-4F56-9331-A8B5F773A291}.Debug|Any CPU.Build.0 = Debug|Any CPU
		{01C27BFC-3E65-4F56-9331-A8B5F773A291}.Release|Any CPU.ActiveCfg = Release|Any CPU
		{01C27BFC-3E65-4F56-9331-A8B5F773A291}.Release|Any CPU.Build.0 = Release|Any CPU
	EndGlobalSection
	GlobalSection(SolutionProperties) = preSolution
		HideSolutionNode = FALSE
	EndGlobalSection
EndGlobal
